
Microsoft Visual Studio Solution File, Format Version 12.00
# Visual Studio Version 16
VisualStudioVersion = 16.0.30503.244
MinimumVisualStudioVersion = 10.0.40219.1
Project("{FAE04EC0-301F-11D3-BF4B-00C04F79EFBC}") = "SolidApplication", "SolidApplication\SolidApplication.csproj", "{91069589-CE1F-492B-96E7-3F487EBFD63C}"
EndProject
Global
	GlobalSection(SolutionConfigurationPlatforms) = preSolution
		Debug|Any CPU = Debug|Any CPU
		Release|Any CPU = Release|Any CPU
	EndGlobalSection
	GlobalSection(ProjectConfigurationPlatforms) = postSolution
		{91069589-CE1F-492B-96E7-3F487EBFD63C}.Debug|Any CPU.ActiveCfg = Debug|Any CPU
		{91069589-CE1F-492B-96E7-3F487EBFD63C}.Debug|Any CPU.Build.0 = Debug|Any CPU
		{91069589-CE1F-492B-96E7-3F487EBFD63C}.Release|Any CPU.ActiveCfg = Release|Any CPU
		{91069589-CE1F-492B-96E7-3F487EBFD63C}.Release|Any CPU.Build.0 = Release|Any CPU
	EndGlobalSection
	GlobalSection(SolutionProperties) = preSolution
		HideSolutionNode = FALSE
	EndGlobalSection
	GlobalSection(ExtensibilityGlobals) = postSolution
		SolutionGuid = {E1F96FC1-4D54-4CED-87A4-1D0BE56FE85E}
	EndGlobalSection
EndGlobal
